
Microsoft Visual Studio Solution File, Format Version 12.00
# Visual Studio Version 17
VisualStudioVersion = 17.4.33213.308
MinimumVisualStudioVersion = 10.0.40219.1
Project("{FAE04EC0-301F-11D3-BF4B-00C04F79EFBC}") = "SchoolEventWeb", "SchoolEventWeb.csproj", "{03D9B07D-E75C-4575-BB53-5BC8847149F4}"
EndProject
Global
	GlobalSection(SolutionConfigurationPlatforms) = preSolution
		Debug|Any CPU = Debug|Any CPU
		Release|Any CPU = Release|Any CPU
	EndGlobalSection
	GlobalSection(ProjectConfigurationPlatforms) = postSolution
		{03D9B07D-E75C-4575-BB53-5BC8847149F4}.Debug|Any CPU.ActiveCfg = Debug|Any CPU
		{03D9B07D-E75C-4575-BB53-5BC8847149F4}.Debug|Any CPU.Build.0 = Debug|Any CPU
		{03D9B07D-E75C-4575-BB53-5BC8847149F4}.Release|Any CPU.ActiveCfg = Release|Any CPU
		{03D9B07D-E75C-4575-BB53-5BC8847149F4}.Release|Any CPU.Build.0 = Release|Any CPU
	EndGlobalSection
	GlobalSection(SolutionProperties) = preSolution
		HideSolutionNode = FALSE
	EndGlobalSection
	GlobalSection(ExtensibilityGlobals) = postSolution
		SolutionGuid = {14A3B7F6-C382-44D7-94A7-8F4E4486A8E3}
	EndGlobalSection
EndGlobal
